Microsoft Visual Studio Solution File, Format Version 12.00
# Visual Studio Version 17
VisualStudioVersion = 17.5.2.0
MinimumVisualStudioVersion = 10.0.40219.1
Project("{FAE04EC0-301F-11D3-BF4B-00C04F79EFBC}") = "Simple_WebAPI", "Simple_WebAPI.csproj", "{38778BC8-C9E9-9104-4341-B8DC29898D46}"
EndProject
Global
	GlobalSection(SolutionConfigurationPlatforms) = preSolution
		Debug|Any CPU = Debug|Any CPU
		Release|Any CPU = Release|Any CPU
	EndGlobalSection
	GlobalSection(ProjectConfigurationPlatforms) = postSolution
		{38778BC8-C9E9-9104-4341-B8DC29898D46}.Debug|Any CPU.ActiveCfg = Debug|Any CPU
		{38778BC8-C9E9-9104-4341-B8DC29898D46}.Debug|Any CPU.Build.0 = Debug|Any CPU
		{38778BC8-C9E9-9104-4341-B8DC29898D46}.Release|Any CPU.ActiveCfg = Release|Any CPU
		{38778BC8-C9E9-9104-4341-B8DC29898D46}.Release|Any CPU.Build.0 = Release|Any CPU
	EndGlobalSection
	GlobalSection(SolutionProperties) = preSolution
		HideSolutionNode = FALSE
	EndGlobalSection
	GlobalSection(ExtensibilityGlobals) = postSolution
		SolutionGuid = {E9681584-5E83-4078-BF7F-DC4B66D1CA4A}
	EndGlobalSection
EndGlobal
